
Microsoft Visual Studio Solution File, Format Version 12.00
# Visual Studio Version 17
VisualStudioVersion = 17.3.32929.385
MinimumVisualStudioVersion = 10.0.40219.1
Project("{FAE04EC0-301F-11D3-BF4B-00C04F79EFBC}") = "FYPfinalWEBAPP", "FYPfinalWEBAPP.csproj", "{F9E02683-0187-4563-91EF-4718B0BB2F56}"
EndProject
Global
	GlobalSection(SolutionConfigurationPlatforms) = preSolution
		Debug|Any CPU = Debug|Any CPU
		Release|Any CPU = Release|Any CPU
	EndGlobalSection
	GlobalSection(ProjectConfigurationPlatforms) = postSolution
		{F9E02683-0187-4563-91EF-4718B0BB2F56}.Debug|Any CPU.ActiveCfg = Debug|Any CPU
		{F9E02683-0187-4563-91EF-4718B0BB2F56}.Debug|Any CPU.Build.0 = Debug|Any CPU
		{F9E02683-0187-4563-91EF-4718B0BB2F56}.Release|Any CPU.ActiveCfg = Release|Any CPU
		{F9E02683-0187-4563-91EF-4718B0BB2F56}.Release|Any CPU.Build.0 = Release|Any CPU
	EndGlobalSection
	GlobalSection(SolutionProperties) = preSolution
		HideSolutionNode = FALSE
	EndGlobalSection
	GlobalSection(ExtensibilityGlobals) = postSolution
		SolutionGuid = {2F79E7E4-67D7-4E89-9BA3-86C0EBD36CC9}
	EndGlobalSection
EndGlobal
