
Microsoft Visual Studio Solution File, Format Version 12.00
# Visual Studio Version 17
VisualStudioVersion = 17.3.32929.385
MinimumVisualStudioVersion = 10.0.40219.1
Project("{FAE04EC0-301F-11D3-BF4B-00C04F79EFBC}") = "WebApplicationFYPtestgrp", "WebApplicationFYPtestgrp\WebApplicationFYPtestgrp.csproj", "{90A5081F-4565-4DD5-9338-8A48CFE47BFB}"
EndProject
Global
	GlobalSection(SolutionConfigurationPlatforms) = preSolution
		Debug|Any CPU = Debug|Any CPU
		Release|Any CPU = Release|Any CPU
	EndGlobalSection
	GlobalSection(ProjectConfigurationPlatforms) = postSolution
		{90A5081F-4565-4DD5-9338-8A48CFE47BFB}.Debug|Any CPU.ActiveCfg = Debug|Any CPU
		{90A5081F-4565-4DD5-9338-8A48CFE47BFB}.Debug|Any CPU.Build.0 = Debug|Any CPU
		{90A5081F-4565-4DD5-9338-8A48CFE47BFB}.Release|Any CPU.ActiveCfg = Release|Any CPU
		{90A5081F-4565-4DD5-9338-8A48CFE47BFB}.Release|Any CPU.Build.0 = Release|Any CPU
	EndGlobalSection
	GlobalSection(SolutionProperties) = preSolution
		HideSolutionNode = FALSE
	EndGlobalSection
	GlobalSection(ExtensibilityGlobals) = postSolution
		SolutionGuid = {6ACBD2D7-34E2-4147-8B91-72AA57E6575E}
	EndGlobalSection
EndGlobal
